// !$*UTF8*$!
{
	archiveVersion = 1;
	classes = {
	};
	objectVersion = 50;
	objects = {

/* Begin PBXBuildFile section */
		011EDE9B8017A9090E1E0606 /* Pods_YOUC_Event_PageUITests.framework in Frameworks */ = {isa = PBXBuildFile; fileRef = AF1D18700CE7D9B64D507EBC /* Pods_YOUC_Event_PageUITests.framework */; };
		2D076FB3222FC9570008BDB7 /* SignInViewController.swift in Sources */ = {isa = PBXBuildFile; fileRef = 2D076FB2222FC9570008BDB7 /* SignInViewController.swift */; };
		2D076FB5222FC95F0008BDB7 /* CreateAccountViewController.swift in Sources */ = {isa = PBXBuildFile; fileRef = 2D076FB4222FC95F0008BDB7 /* CreateAccountViewController.swift */; };
		2D076FB9223202720008BDB7 /* LoginViewController.swift in Sources */ = {isa = PBXBuildFile; fileRef = 2D076FB8223202720008BDB7 /* LoginViewController.swift */; };
		6907662FBCA911A4BC022B1D /* Pods_YOUC_Event_PageTests.framework in Frameworks */ = {isa = PBXBuildFile; fileRef = 1FF1D697043C7F00BF62418E /* Pods_YOUC_Event_PageTests.framework */; };
		6D385AA6222FAF1F006AA01B /* MapViewController.swift in Sources */ = {isa = PBXBuildFile; fileRef = 6D385AA5222FAF1F006AA01B /* MapViewController.swift */; };
		6D7870602235D165009D2832 /* MapEventsViewController.swift in Sources */ = {isa = PBXBuildFile; fileRef = 6D78705F2235D165009D2832 /* MapEventsViewController.swift */; };
		6D7870622235D2A0009D2832 /* MapEventsCell.swift in Sources */ = {isa = PBXBuildFile; fileRef = 6D7870612235D2A0009D2832 /* MapEventsCell.swift */; };
		6D7870652235E156009D2832 /* MenuViewController.swift in Sources */ = {isa = PBXBuildFile; fileRef = 6D7870632235E156009D2832 /* MenuViewController.swift */; };
		6D7870662235E156009D2832 /* BaseViewController.swift in Sources */ = {isa = PBXBuildFile; fileRef = 6D7870642235E156009D2832 /* BaseViewController.swift */; };
		99B8F6F392021CAE65A6B1B5 /* Pods_YOUC_Event_Page.framework in Frameworks */ = {isa = PBXBuildFile; fileRef = EF142146EE1371D0659404CE /* Pods_YOUC_Event_Page.framework */; };
		ADE2058E22369A3C00C65E99 /* ProfileViewController.swift in Sources */ = {isa = PBXBuildFile; fileRef = ADE2058D22369A3C00C65E99 /* ProfileViewController.swift */; };
		ADE2059022369A6900C65E99 /* GoingEventsTableViewCell.swift in Sources */ = {isa = PBXBuildFile; fileRef = ADE2058F22369A6900C65E99 /* GoingEventsTableViewCell.swift */; };
		ADE2059322369AAF00C65E99 /* ProfileCameraViewController.swift in Sources */ = {isa = PBXBuildFile; fileRef = ADE2059222369AAF00C65E99 /* ProfileCameraViewController.swift */; };
		ADE205952236EEA500C65E99 /* SettingsViewController.swift in Sources */ = {isa = PBXBuildFile; fileRef = ADE205942236EEA500C65E99 /* SettingsViewController.swift */; };
		B01DA2CD2228C1AC00F87BF0 /* AppDelegate.swift in Sources */ = {isa = PBXBuildFile; fileRef = B01DA2CC2228C1AC00F87BF0 /* AppDelegate.swift */; };
		B01DA2D22228C1AC00F87BF0 /* Main.storyboard in Resources */ = {isa = PBXBuildFile; fileRef = B01DA2D02228C1AC00F87BF0 /* Main.storyboard */; };
		B01DA2D42228C1AE00F87BF0 /* Assets.xcassets in Resources */ = {isa = PBXBuildFile; fileRef = B01DA2D32228C1AE00F87BF0 /* Assets.xcassets */; };
		B01DA2D72228C1AE00F87BF0 /* LaunchScreen.storyboard in Resources */ = {isa = PBXBuildFile; fileRef = B01DA2D52228C1AE00F87BF0 /* LaunchScreen.storyboard */; };
		B01DA2E22228C1AE00F87BF0 /* YOUC_Event_PageTests.swift in Sources */ = {isa = PBXBuildFile; fileRef = B01DA2E12228C1AE00F87BF0 /* YOUC_Event_PageTests.swift */; };
		B01DA2ED2228C1AE00F87BF0 /* YOUC_Event_PageUITests.swift in Sources */ = {isa = PBXBuildFile; fileRef = B01DA2EC2228C1AE00F87BF0 /* YOUC_Event_PageUITests.swift */; };
/* End PBXBuildFile section */

/* Begin PBXContainerItemProxy section */
		B01DA2DE2228C1AE00F87BF0 /* PBXContainerItemProxy */ = {
			isa = PBXContainerItemProxy;
			containerPortal = B01DA2C12228C1AC00F87BF0 /* Project object */;
			proxyType = 1;
			remoteGlobalIDString = B01DA2C82228C1AC00F87BF0;
			remoteInfo = YOUC_Event_Page;
		};
		B01DA2E92228C1AE00F87BF0 /* PBXContainerItemProxy */ = {
			isa = PBXContainerItemProxy;
			containerPortal = B01DA2C12228C1AC00F87BF0 /* Project object */;
			proxyType = 1;
			remoteGlobalIDString = B01DA2C82228C1AC00F87BF0;
			remoteInfo = YOUC_Event_Page;
		};
/* End PBXContainerItemProxy section */

/* Begin PBXFileReference section */
		1FF1D697043C7F00BF62418E /* Pods_YOUC_Event_PageTests.framework */ = {isa = PBXFileReference; explicitFileType = wrapper.framework; includeInIndex = 0; path = Pods_YOUC_Event_PageTests.framework; sourceTree = BUILT_PRODUCTS_DIR; };
		2D076FB2222FC9570008BDB7 /* SignInViewController.swift */ = {isa = PBXFileReference; lastKnownFileType = sourcecode.swift; path = SignInViewController.swift; sourceTree = "<group>"; };
		2D076FB4222FC95F0008BDB7 /* CreateAccountViewController.swift */ = {isa = PBXFileReference; lastKnownFileType = sourcecode.swift; path = CreateAccountViewController.swift; sourceTree = "<group>"; };
		2D076FB8223202720008BDB7 /* LoginViewController.swift */ = {isa = PBXFileReference; lastKnownFileType = sourcecode.swift; path = LoginViewController.swift; sourceTree = "<group>"; };
		32D49BF73FCAC2924C9A3ED5 /* Pods-YOUC_Event_PageUITests.debug.xcconfig */ = {isa = PBXFileReference; includeInIndex = 1; lastKnownFileType = text.xcconfig; name = "Pods-YOUC_Event_PageUITests.debug.xcconfig"; path = "Pods/Target Support Files/Pods-YOUC_Event_PageUITests/Pods-YOUC_Event_PageUITests.debug.xcconfig"; sourceTree = "<group>"; };
		6D385AA5222FAF1F006AA01B /* MapViewController.swift */ = {isa = PBXFileReference; lastKnownFileType = sourcecode.swift; path = MapViewController.swift; sourceTree = "<group>"; };
		6D78705F2235D165009D2832 /* MapEventsViewController.swift */ = {isa = PBXFileReference; lastKnownFileType = sourcecode.swift; path = MapEventsViewController.swift; sourceTree = "<group>"; };
		6D7870612235D2A0009D2832 /* MapEventsCell.swift */ = {isa = PBXFileReference; lastKnownFileType = sourcecode.swift; path = MapEventsCell.swift; sourceTree = "<group>"; };
		6D7870632235E156009D2832 /* MenuViewController.swift */ = {isa = PBXFileReference; fileEncoding = 4; lastKnownFileType = sourcecode.swift; path = MenuViewController.swift; sourceTree = "<group>"; };
		6D7870642235E156009D2832 /* BaseViewController.swift */ = {isa = PBXFileReference; fileEncoding = 4; lastKnownFileType = sourcecode.swift; path = BaseViewController.swift; sourceTree = "<group>"; };
		78C3CDDB9A5A7E9046524929 /* Pods-YOUC_Event_PageTests.debug.xcconfig */ = {isa = PBXFileReference; includeInIndex = 1; lastKnownFileType = text.xcconfig; name = "Pods-YOUC_Event_PageTests.debug.xcconfig"; path = "Pods/Target Support Files/Pods-YOUC_Event_PageTests/Pods-YOUC_Event_PageTests.debug.xcconfig"; sourceTree = "<group>"; };
		A8AE4BF381BD8CAB08783930 /* Pods-YOUC_Event_Page.debug.xcconfig */ = {isa = PBXFileReference; includeInIndex = 1; lastKnownFileType = text.xcconfig; name = "Pods-YOUC_Event_Page.debug.xcconfig"; path = "Pods/Target Support Files/Pods-YOUC_Event_Page/Pods-YOUC_Event_Page.debug.xcconfig"; sourceTree = "<group>"; };
		AA91EED3AB64EA4BF4B1174C /* Pods-YOUC_Event_PageTests.release.xcconfig */ = {isa = PBXFileReference; includeInIndex = 1; lastKnownFileType = text.xcconfig; name = "Pods-YOUC_Event_PageTests.release.xcconfig"; path = "Pods/Target Support Files/Pods-YOUC_Event_PageTests/Pods-YOUC_Event_PageTests.release.xcconfig"; sourceTree = "<group>"; };
		ADE2058D22369A3C00C65E99 /* ProfileViewController.swift */ = {isa = PBXFileReference; lastKnownFileType = sourcecode.swift; path = ProfileViewController.swift; sourceTree = "<group>"; };
		ADE2058F22369A6900C65E99 /* GoingEventsTableViewCell.swift */ = {isa = PBXFileReference; lastKnownFileType = sourcecode.swift; path = GoingEventsTableViewCell.swift; sourceTree = "<group>"; };
		ADE2059222369AAF00C65E99 /* ProfileCameraViewController.swift */ = {isa = PBXFileReference; lastKnownFileType = sourcecode.swift; path = ProfileCameraViewController.swift; sourceTree = "<group>"; };
		ADE205942236EEA500C65E99 /* SettingsViewController.swift */ = {isa = PBXFileReference; lastKnownFileType = sourcecode.swift; path = SettingsViewController.swift; sourceTree = "<group>"; };
		AF1D18700CE7D9B64D507EBC /* Pods_YOUC_Event_PageUITests.framework */ = {isa = PBXFileReference; explicitFileType = wrapper.framework; includeInIndex = 0; path = Pods_YOUC_Event_PageUITests.framework; sourceTree = BUILT_PRODUCTS_DIR; };
		B01DA2C92228C1AC00F87BF0 /* YOUC_Event_Page.app */ = {isa = PBXFileReference; explicitFileType = wrapper.application; includeInIndex = 0; path = YOUC_Event_Page.app; sourceTree = BUILT_PRODUCTS_DIR; };
		B01DA2CC2228C1AC00F87BF0 /* AppDelegate.swift */ = {isa = PBXFileReference; lastKnownFileType = sourcecode.swift; path = AppDelegate.swift; sourceTree = "<group>"; };
		B01DA2D12228C1AC00F87BF0 /* Base */ = {isa = PBXFileReference; lastKnownFileType = file.storyboard; name = Base; path = Base.lproj/Main.storyboard; sourceTree = "<group>"; };
		B01DA2D32228C1AE00F87BF0 /* Assets.xcassets */ = {isa = PBXFileReference; lastKnownFileType = folder.assetcatalog; path = Assets.xcassets; sourceTree = "<group>"; };
		B01DA2D62228C1AE00F87BF0 /* Base */ = {isa = PBXFileReference; lastKnownFileType = file.storyboard; name = Base; path = Base.lproj/LaunchScreen.storyboard; sourceTree = "<group>"; };
		B01DA2D82228C1AE00F87BF0 /* Info.plist */ = {isa = PBXFileReference; lastKnownFileType = text.plist.xml; path = Info.plist; sourceTree = "<group>"; };
		B01DA2DD2228C1AE00F87BF0 /* YOUC_Event_PageTests.xctest */ = {isa = PBXFileReference; explicitFileType = wrapper.cfbundle; includeInIndex = 0; path = YOUC_Event_PageTests.xctest; sourceTree = BUILT_PRODUCTS_DIR; };
		B01DA2E12228C1AE00F87BF0 /* YOUC_Event_PageTests.swift */ = {isa = PBXFileReference; lastKnownFileType = sourcecode.swift; path = YOUC_Event_PageTests.swift; sourceTree = "<group>"; };
		B01DA2E32228C1AE00F87BF0 /* Info.plist */ = {isa = PBXFileReference; lastKnownFileType = text.plist.xml; path = Info.plist; sourceTree = "<group>"; };
		B01DA2E82228C1AE00F87BF0 /* YOUC_Event_PageUITests.xctest */ = {isa = PBXFileReference; explicitFileType = wrapper.cfbundle; includeInIndex = 0; path = YOUC_Event_PageUITests.xctest; sourceTree = BUILT_PRODUCTS_DIR; };
		B01DA2EC2228C1AE00F87BF0 /* YOUC_Event_PageUITests.swift */ = {isa = PBXFileReference; lastKnownFileType = sourcecode.swift; path = YOUC_Event_PageUITests.swift; sourceTree = "<group>"; };
		B01DA2EE2228C1AE00F87BF0 /* Info.plist */ = {isa = PBXFileReference; lastKnownFileType = text.plist.xml; path = Info.plist; sourceTree = "<group>"; };
		EADBCFA8859AFFB60287C0B7 /* Pods-YOUC_Event_Page.release.xcconfig */ = {isa = PBXFileReference; includeInIndex = 1; lastKnownFileType = text.xcconfig; name = "Pods-YOUC_Event_Page.release.xcconfig"; path = "Pods/Target Support Files/Pods-YOUC_Event_Page/Pods-YOUC_Event_Page.release.xcconfig"; sourceTree = "<group>"; };
		EDB402B743D06C7201D994BF /* Pods-YOUC_Event_PageUITests.release.xcconfig */ = {isa = PBXFileReference; includeInIndex = 1; lastKnownFileType = text.xcconfig; name = "Pods-YOUC_Event_PageUITests.release.xcconfig"; path = "Pods/Target Support Files/Pods-YOUC_Event_PageUITests/Pods-YOUC_Event_PageUITests.release.xcconfig"; sourceTree = "<group>"; };
		EF142146EE1371D0659404CE /* Pods_YOUC_Event_Page.framework */ = {isa = PBXFileReference; explicitFileType = wrapper.framework; includeInIndex = 0; path = Pods_YOUC_Event_Page.framework; sourceTree = BUILT_PRODUCTS_DIR; };
/* End PBXFileReference section */

/* Begin PBXFrameworksBuildPhase section */
		B01DA2C62228C1AC00F87BF0 /* Frameworks */ = {
			isa = PBXFrameworksBuildPhase;
			buildActionMask = 2147483647;
			files = (
				99B8F6F392021CAE65A6B1B5 /* Pods_YOUC_Event_Page.framework in Frameworks */,
			);
			runOnlyForDeploymentPostprocessing = 0;
		};
		B01DA2DA2228C1AE00F87BF0 /* Frameworks */ = {
			isa = PBXFrameworksBuildPhase;
			buildActionMask = 2147483647;
			files = (
				6907662FBCA911A4BC022B1D /* Pods_YOUC_Event_PageTests.framework in Frameworks */,
			);
			runOnlyForDeploymentPostprocessing = 0;
		};
		B01DA2E52228C1AE00F87BF0 /* Frameworks */ = {
			isa = PBXFrameworksBuildPhase;
			buildActionMask = 2147483647;
			files = (
				011EDE9B8017A9090E1E0606 /* Pods_YOUC_Event_PageUITests.framework in Frameworks */,
			);
			runOnlyForDeploymentPostprocessing = 0;
		};
/* End PBXFrameworksBuildPhase section */

/* Begin PBXGroup section */
		1CA5A37179374DA027234A45 /* Pods */ = {
			isa = PBXGroup;
			children = (
				A8AE4BF381BD8CAB08783930 /* Pods-YOUC_Event_Page.debug.xcconfig */,
				EADBCFA8859AFFB60287C0B7 /* Pods-YOUC_Event_Page.release.xcconfig */,
				78C3CDDB9A5A7E9046524929 /* Pods-YOUC_Event_PageTests.debug.xcconfig */,
				AA91EED3AB64EA4BF4B1174C /* Pods-YOUC_Event_PageTests.release.xcconfig */,
				32D49BF73FCAC2924C9A3ED5 /* Pods-YOUC_Event_PageUITests.debug.xcconfig */,
				EDB402B743D06C7201D994BF /* Pods-YOUC_Event_PageUITests.release.xcconfig */,
			);
			name = Pods;
			sourceTree = "<group>";
		};
		2D076FB1222FC9070008BDB7 /* Login */ = {
			isa = PBXGroup;
			children = (
				2D076FB2222FC9570008BDB7 /* SignInViewController.swift */,
				2D076FB4222FC95F0008BDB7 /* CreateAccountViewController.swift */,
				2D076FB8223202720008BDB7 /* LoginViewController.swift */,
			);
			path = Login;
			sourceTree = "<group>";
		};
		384C629739FE4D9A80690276 /* Frameworks */ = {
			isa = PBXGroup;
			children = (
				EF142146EE1371D0659404CE /* Pods_YOUC_Event_Page.framework */,
				1FF1D697043C7F00BF62418E /* Pods_YOUC_Event_PageTests.framework */,
				AF1D18700CE7D9B64D507EBC /* Pods_YOUC_Event_PageUITests.framework */,
			);
			name = Frameworks;
			sourceTree = "<group>";
		};
		ADE2058C223699FA00C65E99 /* Profile */ = {
			isa = PBXGroup;
			children = (
				ADE2058D22369A3C00C65E99 /* ProfileViewController.swift */,
				ADE2058F22369A6900C65E99 /* GoingEventsTableViewCell.swift */,
				ADE2059222369AAF00C65E99 /* ProfileCameraViewController.swift */,
				ADE205942236EEA500C65E99 /* SettingsViewController.swift */,
			);
			path = Profile;
			sourceTree = "<group>";
		};
		B01DA2C02228C1AC00F87BF0 = {
			isa = PBXGroup;
			children = (
				B01DA2CB2228C1AC00F87BF0 /* YOUC_Event_Page */,
				B01DA2E02228C1AE00F87BF0 /* YOUC_Event_PageTests */,
				B01DA2EB2228C1AE00F87BF0 /* YOUC_Event_PageUITests */,
				B01DA2CA2228C1AC00F87BF0 /* Products */,
				1CA5A37179374DA027234A45 /* Pods */,
				384C629739FE4D9A80690276 /* Frameworks */,
			);
			sourceTree = "<group>";
		};
		B01DA2CA2228C1AC00F87BF0 /* Products */ = {
			isa = PBXGroup;
			children = (
				B01DA2C92228C1AC00F87BF0 /* YOUC_Event_Page.app */,
				B01DA2DD2228C1AE00F87BF0 /* YOUC_Event_PageTests.xctest */,
				B01DA2E82228C1AE00F87BF0 /* YOUC_Event_PageUITests.xctest */,
			);
			name = Products;
			sourceTree = "<group>";
		};
		B01DA2CB2228C1AC00F87BF0 /* YOUC_Event_Page */ = {
			isa = PBXGroup;
			children = (
				B01DA2FC2228C6F400F87BF0 /* Controllers */,
				B01DA2FA2228C6CE00F87BF0 /* StoryBoards */,
				B01DA2CC2228C1AC00F87BF0 /* AppDelegate.swift */,
				B01DA2D32228C1AE00F87BF0 /* Assets.xcassets */,
				B01DA2D82228C1AE00F87BF0 /* Info.plist */,
				6D7870642235E156009D2832 /* BaseViewController.swift */,
				6D7870632235E156009D2832 /* MenuViewController.swift */,
				6D385AA5222FAF1F006AA01B /* MapViewController.swift */,
				6D78705F2235D165009D2832 /* MapEventsViewController.swift */,
				6D7870612235D2A0009D2832 /* MapEventsCell.swift */,
			);
			path = YOUC_Event_Page;
			sourceTree = "<group>";
		};
		B01DA2E02228C1AE00F87BF0 /* YOUC_Event_PageTests */ = {
			isa = PBXGroup;
			children = (
				B01DA2E12228C1AE00F87BF0 /* YOUC_Event_PageTests.swift */,
				B01DA2E32228C1AE00F87BF0 /* Info.plist */,
			);
			path = YOUC_Event_PageTests;
			sourceTree = "<group>";
		};
		B01DA2EB2228C1AE00F87BF0 /* YOUC_Event_PageUITests */ = {
			isa = PBXGroup;
			children = (
				B01DA2EC2228C1AE00F87BF0 /* YOUC_Event_PageUITests.swift */,
				B01DA2EE2228C1AE00F87BF0 /* Info.plist */,
			);
			path = YOUC_Event_PageUITests;
			sourceTree = "<group>";
		};
		B01DA2FA2228C6CE00F87BF0 /* StoryBoards */ = {
			isa = PBXGroup;
			children = (
				B01DA2D52228C1AE00F87BF0 /* LaunchScreen.storyboard */,
				B01DA2D02228C1AC00F87BF0 /* Main.storyboard */,
			);
			path = StoryBoards;
			sourceTree = "<group>";
		};
		B01DA2FC2228C6F400F87BF0 /* Controllers */ = {
			isa = PBXGroup;
			children = (
				ADE2058C223699FA00C65E99 /* Profile */,
				2D076FB1222FC9070008BDB7 /* Login */,
			);
			path = Controllers;
			sourceTree = "<group>";
		};
/* End PBXGroup section */

/* Begin PBXNativeTarget section */
		B01DA2C82228C1AC00F87BF0 /* YOUC_Event_Page */ = {
			isa = PBXNativeTarget;
			buildConfigurationList = B01DA2F12228C1AE00F87BF0 /* Build configuration list for PBXNativeTarget "YOUC_Event_Page" */;
			buildPhases = (
				FB6FFC75346F6C1B993C845A /* [CP] Check Pods Manifest.lock */,
				B01DA2C52228C1AC00F87BF0 /* Sources */,
				B01DA2C62228C1AC00F87BF0 /* Frameworks */,
				B01DA2C72228C1AC00F87BF0 /* Resources */,
				6BBEA871EBC9652FE3248BC1 /* [CP] Embed Pods Frameworks */,
			);
			buildRules = (
			);
			dependencies = (
			);
			name = YOUC_Event_Page;
			productName = YOUC_Event_Page;
			productReference = B01DA2C92228C1AC00F87BF0 /* YOUC_Event_Page.app */;
			productType = "com.apple.product-type.application";
		};
		B01DA2DC2228C1AE00F87BF0 /* YOUC_Event_PageTests */ = {
			isa = PBXNativeTarget;
			buildConfigurationList = B01DA2F42228C1AE00F87BF0 /* Build configuration list for PBXNativeTarget "YOUC_Event_PageTests" */;
			buildPhases = (
				08802B033835FA1F43C914D4 /* [CP] Check Pods Manifest.lock */,
				B01DA2D92228C1AE00F87BF0 /* Sources */,
				B01DA2DA2228C1AE00F87BF0 /* Frameworks */,
				B01DA2DB2228C1AE00F87BF0 /* Resources */,
			);
			buildRules = (
			);
			dependencies = (
				B01DA2DF2228C1AE00F87BF0 /* PBXTargetDependency */,
			);
			name = YOUC_Event_PageTests;
			productName = YOUC_Event_PageTests;
			productReference = B01DA2DD2228C1AE00F87BF0 /* YOUC_Event_PageTests.xctest */;
			productType = "com.apple.product-type.bundle.unit-test";
		};
		B01DA2E72228C1AE00F87BF0 /* YOUC_Event_PageUITests */ = {
			isa = PBXNativeTarget;
			buildConfigurationList = B01DA2F72228C1AE00F87BF0 /* Build configuration list for PBXNativeTarget "YOUC_Event_PageUITests" */;
			buildPhases = (
				459CCF64C960935E0CD8EE20 /* [CP] Check Pods Manifest.lock */,
				B01DA2E42228C1AE00F87BF0 /* Sources */,
				B01DA2E52228C1AE00F87BF0 /* Frameworks */,
				B01DA2E62228C1AE00F87BF0 /* Resources */,
			);
			buildRules = (
			);
			dependencies = (
				B01DA2EA2228C1AE00F87BF0 /* PBXTargetDependency */,
			);
			name = YOUC_Event_PageUITests;
			productName = YOUC_Event_PageUITests;
			productReference = B01DA2E82228C1AE00F87BF0 /* YOUC_Event_PageUITests.xctest */;
			productType = "com.apple.product-type.bundle.ui-testing";
		};
/* End PBXNativeTarget section */

/* Begin PBXProject section */
		B01DA2C12228C1AC00F87BF0 /* Project object */ = {
			isa = PBXProject;
			attributes = {
				LastSwiftUpdateCheck = 1010;
				LastUpgradeCheck = 1010;
				ORGANIZATIONNAME = BeverlyAb;
				TargetAttributes = {
					B01DA2C82228C1AC00F87BF0 = {
						CreatedOnToolsVersion = 10.1;
					};
					B01DA2DC2228C1AE00F87BF0 = {
						CreatedOnToolsVersion = 10.1;
						TestTargetID = B01DA2C82228C1AC00F87BF0;
					};
					B01DA2E72228C1AE00F87BF0 = {
						CreatedOnToolsVersion = 10.1;
						TestTargetID = B01DA2C82228C1AC00F87BF0;
					};
				};
			};
			buildConfigurationList = B01DA2C42228C1AC00F87BF0 /* Build configuration list for PBXProject "YOUC_Event_Page" */;
			compatibilityVersion = "Xcode 9.3";
			developmentRegion = en;
			hasScannedForEncodings = 0;
			knownRegions = (
				en,
				Base,
			);
			mainGroup = B01DA2C02228C1AC00F87BF0;
			productRefGroup = B01DA2CA2228C1AC00F87BF0 /* Products */;
			projectDirPath = "";
			projectRoot = "";
			targets = (
				B01DA2C82228C1AC00F87BF0 /* YOUC_Event_Page */,
				B01DA2DC2228C1AE00F87BF0 /* YOUC_Event_PageTests */,
				B01DA2E72228C1AE00F87BF0 /* YOUC_Event_PageUITests */,
			);
		};
/* End PBXProject section */

/* Begin PBXResourcesBuildPhase section */
		B01DA2C72228C1AC00F87BF0 /* Resources */ = {
			isa = PBXResourcesBuildPhase;
			buildActionMask = 2147483647;
			files = (
				B01DA2D72228C1AE00F87BF0 /* LaunchScreen.storyboard in Resources */,
				B01DA2D42228C1AE00F87BF0 /* Assets.xcassets in Resources */,
				B01DA2D22228C1AC00F87BF0 /* Main.storyboard in Resources */,
			);
			runOnlyForDeploymentPostprocessing = 0;
		};
		B01DA2DB2228C1AE00F87BF0 /* Resources */ = {
			isa = PBXResourcesBuildPhase;
			buildActionMask = 2147483647;
			files = (
			);
			runOnlyForDeploymentPostprocessing = 0;
		};
		B01DA2E62228C1AE00F87BF0 /* Resources */ = {
			isa = PBXResourcesBuildPhase;
			buildActionMask = 2147483647;
			files = (
			);
			runOnlyForDeploymentPostprocessing = 0;
		};
/* End PBXResourcesBuildPhase section */

/* Begin PBXShellScriptBuildPhase section */
		08802B033835FA1F43C914D4 /* [CP] Check Pods Manifest.lock */ = {
			isa = PBXShellScriptBuildPhase;
			buildActionMask = 2147483647;
			files = (
			);
			inputFileListPaths = (
			);
			inputPaths = (
				"${PODS_PODFILE_DIR_PATH}/Podfile.lock",
				"${PODS_ROOT}/Manifest.lock",
			);
			name = "[CP] Check Pods Manifest.lock";
			outputFileListPaths = (
			);
			outputPaths = (
				"$(DERIVED_FILE_DIR)/Pods-YOUC_Event_PageTests-checkManifestLockResult.txt",
			);
			runOnlyForDeploymentPostprocessing = 0;
			shellPath = /bin/sh;
			shellScript = "diff \"${PODS_PODFILE_DIR_PATH}/Podfile.lock\" \"${PODS_ROOT}/Manifest.lock\" > /dev/null\nif [ $? != 0 ] ; then\n    # print error to STDERR\n    echo \"error: The sandbox is not in sync with the Podfile.lock. Run 'pod install' or update your CocoaPods installation.\" >&2\n    exit 1\nfi\n# This output is used by Xcode 'outputs' to avoid re-running this script phase.\necho \"SUCCESS\" > \"${SCRIPT_OUTPUT_FILE_0}\"\n";
			showEnvVarsInLog = 0;
		};
		459CCF64C960935E0CD8EE20 /* [CP] Check Pods Manifest.lock */ = {
			isa = PBXShellScriptBuildPhase;
			buildActionMask = 2147483647;
			files = (
			);
			inputFileListPaths = (
			);
			inputPaths = (
				"${PODS_PODFILE_DIR_PATH}/Podfile.lock",
				"${PODS_ROOT}/Manifest.lock",
			);
			name = "[CP] Check Pods Manifest.lock";
			outputFileListPaths = (
			);
			outputPaths = (
				"$(DERIVED_FILE_DIR)/Pods-YOUC_Event_PageUITests-checkManifestLockResult.txt",
			);
			runOnlyForDeploymentPostprocessing = 0;
			shellPath = /bin/sh;
			shellScript = "diff \"${PODS_PODFILE_DIR_PATH}/Podfile.lock\" \"${PODS_ROOT}/Manifest.lock\" > /dev/null\nif [ $? != 0 ] ; then\n    # print error to STDERR\n    echo \"error: The sandbox is not in sync with the Podfile.lock. Run 'pod install' or update your CocoaPods installation.\" >&2\n    exit 1\nfi\n# This output is used by Xcode 'outputs' to avoid re-running this script phase.\necho \"SUCCESS\" > \"${SCRIPT_OUTPUT_FILE_0}\"\n";
			showEnvVarsInLog = 0;
		};
		6BBEA871EBC9652FE3248BC1 /* [CP] Embed Pods Frameworks */ = {
			isa = PBXShellScriptBuildPhase;
			buildActionMask = 2147483647;
			files = (
			);
			inputFileListPaths = (
			);
			inputPaths = (
				"${SRCROOT}/Pods/Target Support Files/Pods-YOUC_Event_Page/Pods-YOUC_Event_Page-frameworks.sh",
				"${BUILT_PRODUCTS_DIR}/Alamofire/Alamofire.framework",
				"${BUILT_PRODUCTS_DIR}/AlamofireImage/AlamofireImage.framework",
				"${BUILT_PRODUCTS_DIR}/Bolts/Bolts.framework",
				"${BUILT_PRODUCTS_DIR}/Parse/Parse.framework",
			);
			name = "[CP] Embed Pods Frameworks";
			outputFileListPaths = (
			);
			outputPaths = (
				"${TARGET_BUILD_DIR}/${FRAMEWORKS_FOLDER_PATH}/Alamofire.framework",
				"${TARGET_BUILD_DIR}/${FRAMEWORKS_FOLDER_PATH}/AlamofireImage.framework",
				"${TARGET_BUILD_DIR}/${FRAMEWORKS_FOLDER_PATH}/Bolts.framework",
				"${TARGET_BUILD_DIR}/${FRAMEWORKS_FOLDER_PATH}/Parse.framework",
			);
			runOnlyForDeploymentPostprocessing = 0;
			shellPath = /bin/sh;
			shellScript = "\"${SRCROOT}/Pods/Target Support Files/Pods-YOUC_Event_Page/Pods-YOUC_Event_Page-frameworks.sh\"\n";
			showEnvVarsInLog = 0;
		};
		FB6FFC75346F6C1B993C845A /* [CP] Check Pods Manifest.lock */ = {
			isa = PBXShellScriptBuildPhase;
			buildActionMask = 2147483647;
			files = (
			);
			inputFileListPaths = (
			);
			inputPaths = (
				"${PODS_PODFILE_DIR_PATH}/Podfile.lock",
				"${PODS_ROOT}/Manifest.lock",
			);
			name = "[CP] Check Pods Manifest.lock";
			outputFileListPaths = (
			);
			outputPaths = (
				"$(DERIVED_FILE_DIR)/Pods-YOUC_Event_Page-checkManifestLockResult.txt",
			);
			runOnlyForDeploymentPostprocessing = 0;
			shellPath = /bin/sh;
			shellScript = "diff \"${PODS_PODFILE_DIR_PATH}/Podfile.lock\" \"${PODS_ROOT}/Manifest.lock\" > /dev/null\nif [ $? != 0 ] ; then\n    # print error to STDERR\n    echo \"error: The sandbox is not in sync with the Podfile.lock. Run 'pod install' or update your CocoaPods installation.\" >&2\n    exit 1\nfi\n# This output is used by Xcode 'outputs' to avoid re-running this script phase.\necho \"SUCCESS\" > \"${SCRIPT_OUTPUT_FILE_0}\"\n";
			showEnvVarsInLog = 0;
		};
/* End PBXShellScriptBuildPhase section */

/* Begin PBXSourcesBuildPhase section */
		B01DA2C52228C1AC00F87BF0 /* Sources */ = {
			isa = PBXSourcesBuildPhase;
			buildActionMask = 2147483647;
			files = (
				2D076FB9223202720008BDB7 /* LoginViewController.swift in Sources */,
				ADE2059022369A6900C65E99 /* GoingEventsTableViewCell.swift in Sources */,
				ADE2059322369AAF00C65E99 /* ProfileCameraViewController.swift in Sources */,
				2D076FB5222FC95F0008BDB7 /* CreateAccountViewController.swift in Sources */,
				ADE2058E22369A3C00C65E99 /* ProfileViewController.swift in Sources */,
				B01DA2CD2228C1AC00F87BF0 /* AppDelegate.swift in Sources */,
				2D076FB3222FC9570008BDB7 /* SignInViewController.swift in Sources */,
				ADE205952236EEA500C65E99 /* SettingsViewController.swift in Sources */,
				6D7870602235D165009D2832 /* MapEventsViewController.swift in Sources */,
				6D7870622235D2A0009D2832 /* MapEventsCell.swift in Sources */,
				6D7870662235E156009D2832 /* BaseViewController.swift in Sources */,
				6D385AA6222FAF1F006AA01B /* MapViewController.swift in Sources */,
				B01DA2CD2228C1AC00F87BF0 /* AppDelegate.swift in Sources */,
				6D7870652235E156009D2832 /* MenuViewController.swift in Sources */,
			);
			runOnlyForDeploymentPostprocessing = 0;
		};
		B01DA2D92228C1AE00F87BF0 /* Sources */ = {
			isa = PBXSourcesBuildPhase;
			buildActionMask = 2147483647;
			files = (
				B01DA2E22228C1AE00F87BF0 /* YOUC_Event_PageTests.swift in Sources */,
			);
			runOnlyForDeploymentPostprocessing = 0;
		};
		B01DA2E42228C1AE00F87BF0 /* Sources */ = {
			isa = PBXSourcesBuildPhase;
			buildActionMask = 2147483647;
			files = (
				B01DA2ED2228C1AE00F87BF0 /* YOUC_Event_PageUITests.swift in Sources */,
			);
			runOnlyForDeploymentPostprocessing = 0;
		};
/* End PBXSourcesBuildPhase section */

/* Begin PBXTargetDependency section */
		B01DA2DF2228C1AE00F87BF0 /* PBXTargetDependency */ = {
			isa = PBXTargetDependency;
			target = B01DA2C82228C1AC00F87BF0 /* YOUC_Event_Page */;
			targetProxy = B01DA2DE2228C1AE00F87BF0 /* PBXContainerItemProxy */;
		};
		B01DA2EA2228C1AE00F87BF0 /* PBXTargetDependency */ = {
			isa = PBXTargetDependency;
			target = B01DA2C82228C1AC00F87BF0 /* YOUC_Event_Page */;
			targetProxy = B01DA2E92228C1AE00F87BF0 /* PBXContainerItemProxy */;
		};
/* End PBXTargetDependency section */

/* Begin PBXVariantGroup section */
		B01DA2D02228C1AC00F87BF0 /* Main.storyboard */ = {
			isa = PBXVariantGroup;
			children = (
				B01DA2D12228C1AC00F87BF0 /* Base */,
			);
			name = Main.storyboard;
			sourceTree = "<group>";
		};
		B01DA2D52228C1AE00F87BF0 /* LaunchScreen.storyboard */ = {
			isa = PBXVariantGroup;
			children = (
				B01DA2D62228C1AE00F87BF0 /* Base */,
			);
			name = LaunchScreen.storyboard;
			sourceTree = "<group>";
		};
/* End PBXVariantGroup section */

/* Begin XCBuildConfiguration section */
		B01DA2EF2228C1AE00F87BF0 /* Debug */ = {
			isa = XCBuildConfiguration;
			buildSettings = {
				ALWAYS_SEARCH_USER_PATHS = NO;
				CLANG_ANALYZER_NONNULL = YES;
				CLANG_ANALYZER_NUMBER_OBJECT_CONVERSION = YES_AGGRESSIVE;
				CLANG_CXX_LANGUAGE_STANDARD = "gnu++14";
				CLANG_CXX_LIBRARY = "libc++";
				CLANG_ENABLE_MODULES = YES;
				CLANG_ENABLE_OBJC_ARC = YES;
				CLANG_ENABLE_OBJC_WEAK = YES;
				CLANG_WARN_BLOCK_CAPTURE_AUTORELEASING = YES;
				CLANG_WARN_BOOL_CONVERSION = YES;
				CLANG_WARN_COMMA = YES;
				CLANG_WARN_CONSTANT_CONVERSION = YES;
				CLANG_WARN_DEPRECATED_OBJC_IMPLEMENTATIONS = YES;
				CLANG_WARN_DIRECT_OBJC_ISA_USAGE = YES_ERROR;
				CLANG_WARN_DOCUMENTATION_COMMENTS = YES;
				CLANG_WARN_EMPTY_BODY = YES;
				CLANG_WARN_ENUM_CONVERSION = YES;
				CLANG_WARN_INFINITE_RECURSION = YES;
				CLANG_WARN_INT_CONVERSION = YES;
				CLANG_WARN_NON_LITERAL_NULL_CONVERSION = YES;
				CLANG_WARN_OBJC_IMPLICIT_RETAIN_SELF = YES;
				CLANG_WARN_OBJC_LITERAL_CONVERSION = YES;
				CLANG_WARN_OBJC_ROOT_CLASS = YES_ERROR;
				CLANG_WARN_RANGE_LOOP_ANALYSIS = YES;
				CLANG_WARN_STRICT_PROTOTYPES = YES;
				CLANG_WARN_SUSPICIOUS_MOVE = YES;
				CLANG_WARN_UNGUARDED_AVAILABILITY = YES_AGGRESSIVE;
				CLANG_WARN_UNREACHABLE_CODE = YES;
				CLANG_WARN__DUPLICATE_METHOD_MATCH = YES;
				CODE_SIGN_IDENTITY = "iPhone Developer";
				COPY_PHASE_STRIP = NO;
				DEBUG_INFORMATION_FORMAT = dwarf;
				ENABLE_STRICT_OBJC_MSGSEND = YES;
				ENABLE_TESTABILITY = YES;
				GCC_C_LANGUAGE_STANDARD = gnu11;
				GCC_DYNAMIC_NO_PIC = NO;
				GCC_NO_COMMON_BLOCKS = YES;
				GCC_OPTIMIZATION_LEVEL = 0;
				GCC_PREPROCESSOR_DEFINITIONS = (
					"DEBUG=1",
					"$(inherited)",
				);
				GCC_WARN_64_TO_32_BIT_CONVERSION = YES;
				GCC_WARN_ABOUT_RETURN_TYPE = YES_ERROR;
				GCC_WARN_UNDECLARED_SELECTOR = YES;
				GCC_WARN_UNINITIALIZED_AUTOS = YES_AGGRESSIVE;
				GCC_WARN_UNUSED_FUNCTION = YES;
				GCC_WARN_UNUSED_VARIABLE = YES;
				IPHONEOS_DEPLOYMENT_TARGET = 12.1;
				MTL_ENABLE_DEBUG_INFO = INCLUDE_SOURCE;
				MTL_FAST_MATH = YES;
				ONLY_ACTIVE_ARCH = YES;
				SDKROOT = iphoneos;
				SWIFT_ACTIVE_COMPILATION_CONDITIONS = DEBUG;
				SWIFT_OPTIMIZATION_LEVEL = "-Onone";
			};
			name = Debug;
		};
		B01DA2F02228C1AE00F87BF0 /* Release */ = {
			isa = XCBuildConfiguration;
			buildSettings = {
				ALWAYS_SEARCH_USER_PATHS = NO;
				CLANG_ANALYZER_NONNULL = YES;
				CLANG_ANALYZER_NUMBER_OBJECT_CONVERSION = YES_AGGRESSIVE;
				CLANG_CXX_LANGUAGE_STANDARD = "gnu++14";
				CLANG_CXX_LIBRARY = "libc++";
				CLANG_ENABLE_MODULES = YES;
				CLANG_ENABLE_OBJC_ARC = YES;
				CLANG_ENABLE_OBJC_WEAK = YES;
				CLANG_WARN_BLOCK_CAPTURE_AUTORELEASING = YES;
				CLANG_WARN_BOOL_CONVERSION = YES;
				CLANG_WARN_COMMA = YES;
				CLANG_WARN_CONSTANT_CONVERSION = YES;
				CLANG_WARN_DEPRECATED_OBJC_IMPLEMENTATIONS = YES;
				CLANG_WARN_DIRECT_OBJC_ISA_USAGE = YES_ERROR;
				CLANG_WARN_DOCUMENTATION_COMMENTS = YES;
				CLANG_WARN_EMPTY_BODY = YES;
				CLANG_WARN_ENUM_CONVERSION = YES;
				CLANG_WARN_INFINITE_RECURSION = YES;
				CLANG_WARN_INT_CONVERSION = YES;
				CLANG_WARN_NON_LITERAL_NULL_CONVERSION = YES;
				CLANG_WARN_OBJC_IMPLICIT_RETAIN_SELF = YES;
				CLANG_WARN_OBJC_LITERAL_CONVERSION = YES;
				CLANG_WARN_OBJC_ROOT_CLASS = YES_ERROR;
				CLANG_WARN_RANGE_LOOP_ANALYSIS = YES;
				CLANG_WARN_STRICT_PROTOTYPES = YES;
				CLANG_WARN_SUSPICIOUS_MOVE = YES;
				CLANG_WARN_UNGUARDED_AVAILABILITY = YES_AGGRESSIVE;
				CLANG_WARN_UNREACHABLE_CODE = YES;
				CLANG_WARN__DUPLICATE_METHOD_MATCH = YES;
				CODE_SIGN_IDENTITY = "iPhone Developer";
				COPY_PHASE_STRIP = NO;
				DEBUG_INFORMATION_FORMAT = "dwarf-with-dsym";
				ENABLE_NS_ASSERTIONS = NO;
				ENABLE_STRICT_OBJC_MSGSEND = YES;
				GCC_C_LANGUAGE_STANDARD = gnu11;
				GCC_NO_COMMON_BLOCKS = YES;
				GCC_WARN_64_TO_32_BIT_CONVERSION = YES;
				GCC_WARN_ABOUT_RETURN_TYPE = YES_ERROR;
				GCC_WARN_UNDECLARED_SELECTOR = YES;
				GCC_WARN_UNINITIALIZED_AUTOS = YES_AGGRESSIVE;
				GCC_WARN_UNUSED_FUNCTION = YES;
				GCC_WARN_UNUSED_VARIABLE = YES;
				IPHONEOS_DEPLOYMENT_TARGET = 12.1;
				MTL_ENABLE_DEBUG_INFO = NO;
				MTL_FAST_MATH = YES;
				SDKROOT = iphoneos;
				SWIFT_COMPILATION_MODE = wholemodule;
				SWIFT_OPTIMIZATION_LEVEL = "-O";
				VALIDATE_PRODUCT = YES;
			};
			name = Release;
		};
		B01DA2F22228C1AE00F87BF0 /* Debug */ = {
			isa = XCBuildConfiguration;
			baseConfigurationReference = A8AE4BF381BD8CAB08783930 /* Pods-YOUC_Event_Page.debug.xcconfig */;
			buildSettings = {
				ASSETCATALOG_COMPILER_APPICON_NAME = AppIcon;
				CODE_SIGN_STYLE = Automatic;
				DEVELOPMENT_TEAM = TCCUYTNM3F;
				INFOPLIST_FILE = YOUC_Event_Page/Info.plist;
				LD_RUNPATH_SEARCH_PATHS = (
					"$(inherited)",
					"@executable_path/Frameworks",
				);
				PRODUCT_BUNDLE_IDENTIFIER = "TR-rev1.YOUC-Event-Page";
				PRODUCT_NAME = "$(TARGET_NAME)";
				SWIFT_VERSION = 4.2;
				TARGETED_DEVICE_FAMILY = "1,2";
			};
			name = Debug;
		};
		B01DA2F32228C1AE00F87BF0 /* Release */ = {
			isa = XCBuildConfiguration;
			baseConfigurationReference = EADBCFA8859AFFB60287C0B7 /* Pods-YOUC_Event_Page.release.xcconfig */;
			buildSettings = {
				ASSETCATALOG_COMPILER_APPICON_NAME = AppIcon;
				CODE_SIGN_STYLE = Automatic;
				DEVELOPMENT_TEAM = TCCUYTNM3F;
				INFOPLIST_FILE = YOUC_Event_Page/Info.plist;
				LD_RUNPATH_SEARCH_PATHS = (
					"$(inherited)",
					"@executable_path/Frameworks",
				);
				PRODUCT_BUNDLE_IDENTIFIER = "TR-rev1.YOUC-Event-Page";
				PRODUCT_NAME = "$(TARGET_NAME)";
				SWIFT_VERSION = 4.2;
				TARGETED_DEVICE_FAMILY = "1,2";
			};
			name = Release;
		};
		B01DA2F52228C1AE00F87BF0 /* Debug */ = {
			isa = XCBuildConfiguration;
			baseConfigurationReference = 78C3CDDB9A5A7E9046524929 /* Pods-YOUC_Event_PageTests.debug.xcconfig */;
			buildSettings = {
				ALWAYS_EMBED_SWIFT_STANDARD_LIBRARIES = YES;
				BUNDLE_LOADER = "$(TEST_HOST)";
				CODE_SIGN_STYLE = Automatic;
				INFOPLIST_FILE = YOUC_Event_PageTests/Info.plist;
				LD_RUNPATH_SEARCH_PATHS = (
					"$(inherited)",
					"@executable_path/Frameworks",
					"@loader_path/Frameworks",
				);
				PRODUCT_BUNDLE_IDENTIFIER = "TR-rev1.YOUC-Event-PageTests";
				PRODUCT_NAME = "$(TARGET_NAME)";
				SWIFT_VERSION = 4.2;
				TARGETED_DEVICE_FAMILY = "1,2";
				TEST_HOST = "$(BUILT_PRODUCTS_DIR)/YOUC_Event_Page.app/YOUC_Event_Page";
			};
			name = Debug;
		};
		B01DA2F62228C1AE00F87BF0 /* Release */ = {
			isa = XCBuildConfiguration;
			baseConfigurationReference = AA91EED3AB64EA4BF4B1174C /* Pods-YOUC_Event_PageTests.release.xcconfig */;
			buildSettings = {
				ALWAYS_EMBED_SWIFT_STANDARD_LIBRARIES = YES;
				BUNDLE_LOADER = "$(TEST_HOST)";
				CODE_SIGN_STYLE = Automatic;
				INFOPLIST_FILE = YOUC_Event_PageTests/Info.plist;
				LD_RUNPATH_SEARCH_PATHS = (
					"$(inherited)",
					"@executable_path/Frameworks",
					"@loader_path/Frameworks",
				);
				PRODUCT_BUNDLE_IDENTIFIER = "TR-rev1.YOUC-Event-PageTests";
				PRODUCT_NAME = "$(TARGET_NAME)";
				SWIFT_VERSION = 4.2;
				TARGETED_DEVICE_FAMILY = "1,2";
				TEST_HOST = "$(BUILT_PRODUCTS_DIR)/YOUC_Event_Page.app/YOUC_Event_Page";
			};
			name = Release;
		};
		B01DA2F82228C1AE00F87BF0 /* Debug */ = {
			isa = XCBuildConfiguration;
			baseConfigurationReference = 32D49BF73FCAC2924C9A3ED5 /* Pods-YOUC_Event_PageUITests.debug.xcconfig */;
			buildSettings = {
				ALWAYS_EMBED_SWIFT_STANDARD_LIBRARIES = YES;
				CODE_SIGN_STYLE = Automatic;
				INFOPLIST_FILE = YOUC_Event_PageUITests/Info.plist;
				LD_RUNPATH_SEARCH_PATHS = (
					"$(inherited)",
					"@executable_path/Frameworks",
					"@loader_path/Frameworks",
				);
				PRODUCT_BUNDLE_IDENTIFIER = "TR-rev1.YOUC-Event-PageUITests";
				PRODUCT_NAME = "$(TARGET_NAME)";
				SWIFT_VERSION = 4.2;
				TARGETED_DEVICE_FAMILY = "1,2";
				TEST_TARGET_NAME = YOUC_Event_Page;
			};
			name = Debug;
		};
		B01DA2F92228C1AE00F87BF0 /* Release */ = {
			isa = XCBuildConfiguration;
			baseConfigurationReference = EDB402B743D06C7201D994BF /* Pods-YOUC_Event_PageUITests.release.xcconfig */;
			buildSettings = {
				ALWAYS_EMBED_SWIFT_STANDARD_LIBRARIES = YES;
				CODE_SIGN_STYLE = Automatic;
				INFOPLIST_FILE = YOUC_Event_PageUITests/Info.plist;
				LD_RUNPATH_SEARCH_PATHS = (
					"$(inherited)",
					"@executable_path/Frameworks",
					"@loader_path/Frameworks",
				);
				PRODUCT_BUNDLE_IDENTIFIER = "TR-rev1.YOUC-Event-PageUITests";
				PRODUCT_NAME = "$(TARGET_NAME)";
				SWIFT_VERSION = 4.2;
				TARGETED_DEVICE_FAMILY = "1,2";
				TEST_TARGET_NAME = YOUC_Event_Page;
			};
			name = Release;
		};
/* End XCBuildConfiguration section */

/* Begin XCConfigurationList section */
		B01DA2C42228C1AC00F87BF0 /* Build configuration list for PBXProject "YOUC_Event_Page" */ = {
			isa = XCConfigurationList;
			buildConfigurations = (
				B01DA2EF2228C1AE00F87BF0 /* Debug */,
				B01DA2F02228C1AE00F87BF0 /* Release */,
			);
			defaultConfigurationIsVisible = 0;
			defaultConfigurationName = Release;
		};
		B01DA2F12228C1AE00F87BF0 /* Build configuration list for PBXNativeTarget "YOUC_Event_Page" */ = {
			isa = XCConfigurationList;
			buildConfigurations = (
				B01DA2F22228C1AE00F87BF0 /* Debug */,
				B01DA2F32228C1AE00F87BF0 /* Release */,
			);
			defaultConfigurationIsVisible = 0;
			defaultConfigurationName = Release;
		};
		B01DA2F42228C1AE00F87BF0 /* Build configuration list for PBXNativeTarget "YOUC_Event_PageTests" */ = {
			isa = XCConfigurationList;
			buildConfigurations = (
				B01DA2F52228C1AE00F87BF0 /* Debug */,
				B01DA2F62228C1AE00F87BF0 /* Release */,
			);
			defaultConfigurationIsVisible = 0;
			defaultConfigurationName = Release;
		};
		B01DA2F72228C1AE00F87BF0 /* Build configuration list for PBXNativeTarget "YOUC_Event_PageUITests" */ = {
			isa = XCConfigurationList;
			buildConfigurations = (
				B01DA2F82228C1AE00F87BF0 /* Debug */,
				B01DA2F92228C1AE00F87BF0 /* Release */,
			);
			defaultConfigurationIsVisible = 0;
			defaultConfigurationName = Release;
		};
/* End XCConfigurationList section */
	};
	rootObject = B01DA2C12228C1AC00F87BF0 /* Project object */;
}
